// !$*UTF8*$!
{
	archiveVersion = 1;
	classes = {
	};
	objectVersion = 55;
	objects = {

/* Begin PBXBuildFile section */
		CE21BA45294CF64F00CE8CBC /* CreateCycleView.swift in Sources */ = {isa = PBXBuildFile; fileRef = CE21BA44294CF64F00CE8CBC /* CreateCycleView.swift */; };
		CE90A467294F3F7C00EF292F /* PickerTextField.swift in Sources */ = {isa = PBXBuildFile; fileRef = CE90A466294F3F7C00EF292F /* PickerTextField.swift */; };
		CEB5E539294BDA6700B89098 /* paycycleApp.swift in Sources */ = {isa = PBXBuildFile; fileRef = CEB5E538294BDA6700B89098 /* paycycleApp.swift */; };
		CEB5E53B294BDA6700B89098 /* ContentView.swift in Sources */ = {isa = PBXBuildFile; fileRef = CEB5E53A294BDA6700B89098 /* ContentView.swift */; };
		CEB5E53D294BDA6800B89098 /* Assets.xcassets in Resources */ = {isa = PBXBuildFile; fileRef = CEB5E53C294BDA6800B89098 /* Assets.xcassets */; };
		CEB5E540294BDA6800B89098 /* Preview Assets.xcassets in Resources */ = {isa = PBXBuildFile; fileRef = CEB5E53F294BDA6800B89098 /* Preview Assets.xcassets */; };
		CEB5E542294BDA6800B89098 /* Persistence.swift in Sources */ = {isa = PBXBuildFile; fileRef = CEB5E541294BDA6800B89098 /* Persistence.swift */; };
		CEB5E545294BDA6800B89098 /* paycycle.xcdatamodeld in Sources */ = {isa = PBXBuildFile; fileRef = CEB5E543294BDA6800B89098 /* paycycle.xcdatamodeld */; };
		CEB5E54E294BDF1100B89098 /* DayComponent.swift in Sources */ = {isa = PBXBuildFile; fileRef = CEB5E54D294BDF1100B89098 /* DayComponent.swift */; };
		CEB5E550294BE32500B89098 /* CycleComponent.swift in Sources */ = {isa = PBXBuildFile; fileRef = CEB5E54F294BE32500B89098 /* CycleComponent.swift */; };
/* End PBXBuildFile section */

/* Begin PBXFileReference section */
		CE21BA44294CF64F00CE8CBC /* CreateCycleView.swift */ = {isa = PBXFileReference; lastKnownFileType = sourcecode.swift; path = CreateCycleView.swift; sourceTree = "<group>"; };
		CE90A466294F3F7C00EF292F /* PickerTextField.swift */ = {isa = PBXFileReference; lastKnownFileType = sourcecode.swift; path = PickerTextField.swift; sourceTree = "<group>"; };
		CEB5E535294BDA6700B89098 /* paycycle.app */ = {isa = PBXFileReference; explicitFileType = wrapper.application; includeInIndex = 0; path = paycycle.app; sourceTree = BUILT_PRODUCTS_DIR; };
		CEB5E538294BDA6700B89098 /* paycycleApp.swift */ = {isa = PBXFileReference; lastKnownFileType = sourcecode.swift; path = paycycleApp.swift; sourceTree = "<group>"; };
		CEB5E53A294BDA6700B89098 /* ContentView.swift */ = {isa = PBXFileReference; lastKnownFileType = sourcecode.swift; path = ContentView.swift; sourceTree = "<group>"; };
		CEB5E53C294BDA6800B89098 /* Assets.xcassets */ = {isa = PBXFileReference; lastKnownFileType = folder.assetcatalog; path = Assets.xcassets; sourceTree = "<group>"; };
		CEB5E53F294BDA6800B89098 /* Preview Assets.xcassets */ = {isa = PBXFileReference; lastKnownFileType = folder.assetcatalog; path = "Preview Assets.xcassets"; sourceTree = "<group>"; };
		CEB5E541294BDA6800B89098 /* Persistence.swift */ = {isa = PBXFileReference; lastKnownFileType = sourcecode.swift; path = Persistence.swift; sourceTree = "<group>"; };
		CEB5E544294BDA6800B89098 /* paycycle.xcdatamodel */ = {isa = PBXFileReference; lastKnownFileType = wrapper.xcdatamodel; path = paycycle.xcdatamodel; sourceTree = "<group>"; };
		CEB5E54D294BDF1100B89098 /* DayComponent.swift */ = {isa = PBXFileReference; lastKnownFileType = sourcecode.swift; path = DayComponent.swift; sourceTree = "<group>"; };
		CEB5E54F294BE32500B89098 /* CycleComponent.swift */ = {isa = PBXFileReference; lastKnownFileType = sourcecode.swift; path = CycleComponent.swift; sourceTree = "<group>"; };
/* End PBXFileReference section */

/* Begin PBXFrameworksBuildPhase section */
		CEB5E532294BDA6700B89098 /* Frameworks */ = {
			isa = PBXFrameworksBuildPhase;
			buildActionMask = 2147483647;
			files = (
			);
			runOnlyForDeploymentPostprocessing = 0;
		};
/* End PBXFrameworksBuildPhase section */

/* Begin PBXGroup section */
		CE21BA42294CF62200CE8CBC /* Modules */ = {
			isa = PBXGroup;
			children = (
				CE21BA43294CF62B00CE8CBC /* CreateCycle */,
			);
			path = Modules;
			sourceTree = "<group>";
		};
		CE21BA43294CF62B00CE8CBC /* CreateCycle */ = {
			isa = PBXGroup;
			children = (
				CE21BA44294CF64F00CE8CBC /* CreateCycleView.swift */,
			);
			path = CreateCycle;
			sourceTree = "<group>";
		};
		CEB5E52C294BDA6700B89098 = {
			isa = PBXGroup;
			children = (
				CEB5E537294BDA6700B89098 /* paycycle */,
				CEB5E536294BDA6700B89098 /* Products */,
			);
			sourceTree = "<group>";
		};
		CEB5E536294BDA6700B89098 /* Products */ = {
			isa = PBXGroup;
			children = (
				CEB5E535294BDA6700B89098 /* paycycle.app */,
			);
			name = Products;
			sourceTree = "<group>";
		};
		CEB5E537294BDA6700B89098 /* paycycle */ = {
			isa = PBXGroup;
			children = (
				CEB5E54B294BDEE600B89098 /* Source */,
				CEB5E538294BDA6700B89098 /* paycycleApp.swift */,
				CEB5E53A294BDA6700B89098 /* ContentView.swift */,
				CEB5E53C294BDA6800B89098 /* Assets.xcassets */,
				CEB5E541294BDA6800B89098 /* Persistence.swift */,
				CEB5E543294BDA6800B89098 /* paycycle.xcdatamodeld */,
				CEB5E53E294BDA6800B89098 /* Preview Content */,
			);
			path = paycycle;
			sourceTree = "<group>";
		};
		CEB5E53E294BDA6800B89098 /* Preview Content */ = {
			isa = PBXGroup;
			children = (
				CEB5E53F294BDA6800B89098 /* Preview Assets.xcassets */,
			);
			path = "Preview Content";
			sourceTree = "<group>";
		};
		CEB5E54B294BDEE600B89098 /* Source */ = {
			isa = PBXGroup;
			children = (
				CE21BA42294CF62200CE8CBC /* Modules */,
				CEB5E54C294BDEF600B89098 /* Components */,
			);
			path = Source;
			sourceTree = "<group>";
		};
		CEB5E54C294BDEF600B89098 /* Components */ = {
			isa = PBXGroup;
			children = (
				CEB5E54D294BDF1100B89098 /* DayComponent.swift */,
				CEB5E54F294BE32500B89098 /* CycleComponent.swift */,
				CE90A466294F3F7C00EF292F /* PickerTextField.swift */,
			);
			path = Components;
			sourceTree = "<group>";
		};
/* End PBXGroup section */

/* Begin PBXNativeTarget section */
		CEB5E534294BDA6700B89098 /* paycycle */ = {
			isa = PBXNativeTarget;
			buildConfigurationList = CEB5E548294BDA6800B89098 /* Build configuration list for PBXNativeTarget "paycycle" */;
			buildPhases = (
				CEB5E531294BDA6700B89098 /* Sources */,
				CEB5E532294BDA6700B89098 /* Frameworks */,
				CEB5E533294BDA6700B89098 /* Resources */,
			);
			buildRules = (
			);
			dependencies = (
			);
			name = paycycle;
			productName = paycycle;
			productReference = CEB5E535294BDA6700B89098 /* paycycle.app */;
			productType = "com.apple.product-type.application";
		};
/* End PBXNativeTarget section */

/* Begin PBXProject section */
		CEB5E52D294BDA6700B89098 /* Project object */ = {
			isa = PBXProject;
			attributes = {
				BuildIndependentTargetsInParallel = 1;
				LastSwiftUpdateCheck = 1340;
				LastUpgradeCheck = 1340;
				TargetAttributes = {
					CEB5E534294BDA6700B89098 = {
						CreatedOnToolsVersion = 13.4.1;
					};
				};
			};
			buildConfigurationList = CEB5E530294BDA6700B89098 /* Build configuration list for PBXProject "paycycle" */;
			compatibilityVersion = "Xcode 13.0";
			developmentRegion = en;
			hasScannedForEncodings = 0;
			knownRegions = (
				en,
				Base,
			);
			mainGroup = CEB5E52C294BDA6700B89098;
			productRefGroup = CEB5E536294BDA6700B89098 /* Products */;
			projectDirPath = "";
			projectRoot = "";
			targets = (
				CEB5E534294BDA6700B89098 /* paycycle */,
			);
		};
/* End PBXProject section */

/* Begin PBXResourcesBuildPhase section */
		CEB5E533294BDA6700B89098 /* Resources */ = {
			isa = PBXResourcesBuildPhase;
			buildActionMask = 2147483647;
			files = (
				CEB5E540294BDA6800B89098 /* Preview Assets.xcassets in Resources */,
				CEB5E53D294BDA6800B89098 /* Assets.xcassets in Resources */,
			);
			runOnlyForDeploymentPostprocessing = 0;
		};
/* End PBXResourcesBuildPhase section */

/* Begin PBXSourcesBuildPhase section */
		CEB5E531294BDA6700B89098 /* Sources */ = {
			isa = PBXSourcesBuildPhase;
			buildActionMask = 2147483647;
			files = (
				CEB5E550294BE32500B89098 /* CycleComponent.swift in Sources */,
				CEB5E542294BDA6800B89098 /* Persistence.swift in Sources */,
				CEB5E54E294BDF1100B89098 /* DayComponent.swift in Sources */,
				CE21BA45294CF64F00CE8CBC /* CreateCycleView.swift in Sources */,
				CEB5E53B294BDA6700B89098 /* ContentView.swift in Sources */,
				CEB5E539294BDA6700B89098 /* paycycleApp.swift in Sources */,
				CEB5E545294BDA6800B89098 /* paycycle.xcdatamodeld in Sources */,
				CE90A467294F3F7C00EF292F /* PickerTextField.swift in Sources */,
			);
			runOnlyForDeploymentPostprocessing = 0;
		};
/* End PBXSourcesBuildPhase section */

/* Begin XCBuildConfiguration section */
		CEB5E546294BDA6800B89098 /* Debug */ = {
			isa = XCBuildConfiguration;
			buildSettings = {
				ALWAYS_SEARCH_USER_PATHS = NO;
				CLANG_ANALYZER_NONNULL = YES;
				CLANG_ANALYZER_NUMBER_OBJECT_CONVERSION = YES_AGGRESSIVE;
				CLANG_CXX_LANGUAGE_STANDARD = "gnu++17";
				CLANG_ENABLE_MODULES = YES;
				CLANG_ENABLE_OBJC_ARC = YES;
				CLANG_ENABLE_OBJC_WEAK = YES;
				CLANG_WARN_BLOCK_CAPTURE_AUTORELEASING = YES;
				CLANG_WARN_BOOL_CONVERSION = YES;
				CLANG_WARN_COMMA = YES;
				CLANG_WARN_CONSTANT_CONVERSION = YES;
				CLANG_WARN_DEPRECATED_OBJC_IMPLEMENTATIONS = YES;
				CLANG_WARN_DIRECT_OBJC_ISA_USAGE = YES_ERROR;
				CLANG_WARN_DOCUMENTATION_COMMENTS = YES;
				CLANG_WARN_EMPTY_BODY = YES;
				CLANG_WARN_ENUM_CONVERSION = YES;
				CLANG_WARN_INFINITE_RECURSION = YES;
				CLANG_WARN_INT_CONVERSION = YES;
				CLANG_WARN_NON_LITERAL_NULL_CONVERSION = YES;
				CLANG_WARN_OBJC_IMPLICIT_RETAIN_SELF = YES;
				CLANG_WARN_OBJC_LITERAL_CONVERSION = YES;
				CLANG_WARN_OBJC_ROOT_CLASS = YES_ERROR;
				CLANG_WARN_QUOTED_INCLUDE_IN_FRAMEWORK_HEADER = YES;
				CLANG_WARN_RANGE_LOOP_ANALYSIS = YES;
				CLANG_WARN_STRICT_PROTOTYPES = YES;
				CLANG_WARN_SUSPICIOUS_MOVE = YES;
				CLANG_WARN_UNGUARDED_AVAILABILITY = YES_AGGRESSIVE;
				CLANG_WARN_UNREACHABLE_CODE = YES;
				CLANG_WARN__DUPLICATE_METHOD_MATCH = YES;
				COPY_PHASE_STRIP = NO;
				DEBUG_INFORMATION_FORMAT = dwarf;
				ENABLE_STRICT_OBJC_MSGSEND = YES;
				ENABLE_TESTABILITY = YES;
				GCC_C_LANGUAGE_STANDARD = gnu11;
				GCC_DYNAMIC_NO_PIC = NO;
				GCC_NO_COMMON_BLOCKS = YES;
				GCC_OPTIMIZATION_LEVEL = 0;
				GCC_PREPROCESSOR_DEFINITIONS = (
					"DEBUG=1",
					"$(inherited)",
				);
				GCC_WARN_64_TO_32_BIT_CONVERSION = YES;
				GCC_WARN_ABOUT_RETURN_TYPE = YES_ERROR;
				GCC_WARN_UNDECLARED_SELECTOR = YES;
				GCC_WARN_UNINITIALIZED_AUTOS = YES_AGGRESSIVE;
				GCC_WARN_UNUSED_FUNCTION = YES;
				GCC_WARN_UNUSED_VARIABLE = YES;
				IPHONEOS_DEPLOYMENT_TARGET = 15.5;
				MTL_ENABLE_DEBUG_INFO = INCLUDE_SOURCE;
				MTL_FAST_MATH = YES;
				ONLY_ACTIVE_ARCH = YES;
				SDKROOT = iphoneos;
				SWIFT_ACTIVE_COMPILATION_CONDITIONS = DEBUG;
				SWIFT_OPTIMIZATION_LEVEL = "-Onone";
			};
			name = Debug;
		};
		CEB5E547294BDA6800B89098 /* Release */ = {
			isa = XCBuildConfiguration;
			buildSettings = {
				ALWAYS_SEARCH_USER_PATHS = NO;
				CLANG_ANALYZER_NONNULL = YES;
				CLANG_ANALYZER_NUMBER_OBJECT_CONVERSION = YES_AGGRESSIVE;
				CLANG_CXX_LANGUAGE_STANDARD = "gnu++17";
				CLANG_ENABLE_MODULES = YES;
				CLANG_ENABLE_OBJC_ARC = YES;
				CLANG_ENABLE_OBJC_WEAK = YES;
				CLANG_WARN_BLOCK_CAPTURE_AUTORELEASING = YES;
				CLANG_WARN_BOOL_CONVERSION = YES;
				CLANG_WARN_COMMA = YES;
				CLANG_WARN_CONSTANT_CONVERSION = YES;
				CLANG_WARN_DEPRECATED_OBJC_IMPLEMENTATIONS = YES;
				CLANG_WARN_DIRECT_OBJC_ISA_USAGE = YES_ERROR;
				CLANG_WARN_DOCUMENTATION_COMMENTS = YES;
				CLANG_WARN_EMPTY_BODY = YES;
				CLANG_WARN_ENUM_CONVERSION = YES;
				CLANG_WARN_INFINITE_RECURSION = YES;
				CLANG_WARN_INT_CONVERSION = YES;
				CLANG_WARN_NON_LITERAL_NULL_CONVERSION = YES;
				CLANG_WARN_OBJC_IMPLICIT_RETAIN_SELF = YES;
				CLANG_WARN_OBJC_LITERAL_CONVERSION = YES;
				CLANG_WARN_OBJC_ROOT_CLASS = YES_ERROR;
				CLANG_WARN_QUOTED_INCLUDE_IN_FRAMEWORK_HEADER = YES;
				CLANG_WARN_RANGE_LOOP_ANALYSIS = YES;
				CLANG_WARN_STRICT_PROTOTYPES = YES;
				CLANG_WARN_SUSPICIOUS_MOVE = YES;
				CLANG_WARN_UNGUARDED_AVAILABILITY = YES_AGGRESSIVE;
				CLANG_WARN_UNREACHABLE_CODE = YES;
				CLANG_WARN__DUPLICATE_METHOD_MATCH = YES;
				COPY_PHASE_STRIP = NO;
				DEBUG_INFORMATION_FORMAT = "dwarf-with-dsym";
				ENABLE_NS_ASSERTIONS = NO;
				ENABLE_STRICT_OBJC_MSGSEND = YES;
				GCC_C_LANGUAGE_STANDARD = gnu11;
				GCC_NO_COMMON_BLOCKS = YES;
				GCC_WARN_64_TO_32_BIT_CONVERSION = YES;
				GCC_WARN_ABOUT_RETURN_TYPE = YES_ERROR;
				GCC_WARN_UNDECLARED_SELECTOR = YES;
				GCC_WARN_UNINITIALIZED_AUTOS = YES_AGGRESSIVE;
				GCC_WARN_UNUSED_FUNCTION = YES;
				GCC_WARN_UNUSED_VARIABLE = YES;
				IPHONEOS_DEPLOYMENT_TARGET = 15.5;
				MTL_ENABLE_DEBUG_INFO = NO;
				MTL_FAST_MATH = YES;
				SDKROOT = iphoneos;
				SWIFT_COMPILATION_MODE = wholemodule;
				SWIFT_OPTIMIZATION_LEVEL = "-O";
				VALIDATE_PRODUCT = YES;
			};
			name = Release;
		};
		CEB5E549294BDA6800B89098 /* Debug */ = {
			isa = XCBuildConfiguration;
			buildSettings = {
				ASSETCATALOG_COMPILER_APPICON_NAME = AppIcon;
				ASSETCATALOG_COMPILER_GLOBAL_ACCENT_COLOR_NAME = AccentColor;
				CODE_SIGN_STYLE = Automatic;
				CURRENT_PROJECT_VERSION = 1;
				DEVELOPMENT_ASSET_PATHS = "\"paycycle/Preview Content\"";
				DEVELOPMENT_TEAM = 4G9UQ8D789;
				ENABLE_PREVIEWS = YES;
				GENERATE_INFOPLIST_FILE = YES;
				INFOPLIST_KEY_UIApplicationSceneManifest_Generation = YES;
				INFOPLIST_KEY_UIApplicationSupportsIndirectInputEvents = YES;
				INFOPLIST_KEY_UILaunchScreen_Generation = YES;
				INFOPLIST_KEY_UISupportedInterfaceOrientations_iPad = "UIInterfaceOrientationPortrait UIInterfaceOrientationPortraitUpsideDown UIInterfaceOrientationLandscapeLeft UIInterfaceOrientationLandscapeRight";
				INFOPLIST_KEY_UISupportedInterfaceOrientations_iPhone = "UIInterfaceOrientationPortrait UIInterfaceOrientationLandscapeLeft UIInterfaceOrientationLandscapeRight";
				LD_RUNPATH_SEARCH_PATHS = (
					"$(inherited)",
					"@executable_path/Frameworks",
				);
				MARKETING_VERSION = 1.0;
				PRODUCT_BUNDLE_IDENTIFIER = io.victorcastro.paycycle;
				PRODUCT_NAME = "$(TARGET_NAME)";
				SWIFT_EMIT_LOC_STRINGS = YES;
				SWIFT_VERSION = 5.0;
				TARGETED_DEVICE_FAMILY = "1,2";
			};
			name = Debug;
		};
		CEB5E54A294BDA6800B89098 /* Release */ = {
			isa = XCBuildConfiguration;
			buildSettings = {
				ASSETCATALOG_COMPILER_APPICON_NAME = AppIcon;
				ASSETCATALOG_COMPILER_GLOBAL_ACCENT_COLOR_NAME = AccentColor;
				CODE_SIGN_STYLE = Automatic;
				CURRENT_PROJECT_VERSION = 1;
				DEVELOPMENT_ASSET_PATHS = "\"paycycle/Preview Content\"";
				DEVELOPMENT_TEAM = 4G9UQ8D789;
				ENABLE_PREVIEWS = YES;
				GENERATE_INFOPLIST_FILE = YES;
				INFOPLIST_KEY_UIApplicationSceneManifest_Generation = YES;
				INFOPLIST_KEY_UIApplicationSupportsIndirectInputEvents = YES;
				INFOPLIST_KEY_UILaunchScreen_Generation = YES;
				INFOPLIST_KEY_UISupportedInterfaceOrientations_iPad = "UIInterfaceOrientationPortrait UIInterfaceOrientationPortraitUpsideDown UIInterfaceOrientationLandscapeLeft UIInterfaceOrientationLandscapeRight";
				INFOPLIST_KEY_UISupportedInterfaceOrientations_iPhone = "UIInterfaceOrientationPortrait UIInterfaceOrientationLandscapeLeft UIInterfaceOrientationLandscapeRight";
				LD_RUNPATH_SEARCH_PATHS = (
					"$(inherited)",
					"@executable_path/Frameworks",
				);
				MARKETING_VERSION = 1.0;
				PRODUCT_BUNDLE_IDENTIFIER = io.victorcastro.paycycle;
				PRODUCT_NAME = "$(TARGET_NAME)";
				SWIFT_EMIT_LOC_STRINGS = YES;
				SWIFT_VERSION = 5.0;
				TARGETED_DEVICE_FAMILY = "1,2";
			};
			name = Release;
		};
/* End XCBuildConfiguration section */

/* Begin XCConfigurationList section */
		CEB5E530294BDA6700B89098 /* Build configuration list for PBXProject "paycycle" */ = {
			isa = XCConfigurationList;
			buildConfigurations = (
				CEB5E546294BDA6800B89098 /* Debug */,
				CEB5E547294BDA6800B89098 /* Release */,
			);
			defaultConfigurationIsVisible = 0;
			defaultConfigurationName = Release;
		};
		CEB5E548294BDA6800B89098 /* Build configuration list for PBXNativeTarget "paycycle" */ = {
			isa = XCConfigurationList;
			buildConfigurations = (
				CEB5E549294BDA6800B89098 /* Debug */,
				CEB5E54A294BDA6800B89098 /* Release */,
			);
			defaultConfigurationIsVisible = 0;
			defaultConfigurationName = Release;
		};
/* End XCConfigurationList section */

/* Begin XCVersionGroup section */
		CEB5E543294BDA6800B89098 /* paycycle.xcdatamodeld */ = {
			isa = XCVersionGroup;
			children = (
				CEB5E544294BDA6800B89098 /* paycycle.xcdatamodel */,
			);
			currentVersion = CEB5E544294BDA6800B89098 /* paycycle.xcdatamodel */;
			path = paycycle.xcdatamodeld;
			sourceTree = "<group>";
			versionGroupType = wrapper.xcdatamodel;
		};
/* End XCVersionGroup section */
	};
	rootObject = CEB5E52D294BDA6700B89098 /* Project object */;
}
